
Microsoft Visual Studio Solution File, Format Version 12.00
# Visual Studio Version 17
VisualStudioVersion = 17.3.32929.385
MinimumVisualStudioVersion = 10.0.40219.1
Project("{9A19103F-16F7-4668-BE54-9A1E7A4F7556}") = "Cafe_POS_System", "quiz1111\Cafe_POS_System.csproj", "{C17C377D-0275-4E4F-8E1B-33ACCFFBFF9B}"
EndProject
Global
	GlobalSection(SolutionConfigurationPlatforms) = preSolution
		Debug|Any CPU = Debug|Any CPU
		Release|Any CPU = Release|Any CPU
	EndGlobalSection
	GlobalSection(ProjectConfigurationPlatforms) = postSolution
		{C17C377D-0275-4E4F-8E1B-33ACCFFBFF9B}.Debug|Any CPU.ActiveCfg = Debug|Any CPU
		{C17C377D-0275-4E4F-8E1B-33ACCFFBFF9B}.Debug|Any CPU.Build.0 = Debug|Any CPU
		{C17C377D-0275-4E4F-8E1B-33ACCFFBFF9B}.Release|Any CPU.ActiveCfg = Release|Any CPU
		{C17C377D-0275-4E4F-8E1B-33ACCFFBFF9B}.Release|Any CPU.Build.0 = Release|Any CPU
	EndGlobalSection
	GlobalSection(SolutionProperties) = preSolution
		HideSolutionNode = FALSE
	EndGlobalSection
	GlobalSection(ExtensibilityGlobals) = postSolution
		SolutionGuid = {C29C402C-D50F-4293-A352-A0AFADD28B80}
	EndGlobalSection
EndGlobal
